
Microsoft Visual Studio Solution File, Format Version 12.00
# Visual Studio Version 17
VisualStudioVersion = 17.11.35219.272
MinimumVisualStudioVersion = 10.0.40219.1
Project("{FAE04EC0-301F-11D3-BF4B-00C04F79EFBC}") = "AgendaDeContactos", "AgendaDeContactos.csproj", "{66EE7B2A-8896-4C39-8F03-B26753780D1B}"
EndProject
Global
	GlobalSection(SolutionConfigurationPlatforms) = preSolution
		Debug|Any CPU = Debug|Any CPU
		Release|Any CPU = Release|Any CPU
	EndGlobalSection
	GlobalSection(ProjectConfigurationPlatforms) = postSolution
		{66EE7B2A-8896-4C39-8F03-B26753780D1B}.Debug|Any CPU.ActiveCfg = Debug|Any CPU
		{66EE7B2A-8896-4C39-8F03-B26753780D1B}.Debug|Any CPU.Build.0 = Debug|Any CPU
		{66EE7B2A-8896-4C39-8F03-B26753780D1B}.Release|Any CPU.ActiveCfg = Release|Any CPU
		{66EE7B2A-8896-4C39-8F03-B26753780D1B}.Release|Any CPU.Build.0 = Release|Any CPU
	EndGlobalSection
	GlobalSection(SolutionProperties) = preSolution
		HideSolutionNode = FALSE
	EndGlobalSection
	GlobalSection(ExtensibilityGlobals) = postSolution
		SolutionGuid = {F0B9A429-5234-421A-BF95-CD3D132DBB96}
	EndGlobalSection
EndGlobal
